hash: a753e463a70364e915943c16ea3a318938f9342595742fc96ab589917ba4fa2b
updated: 2016-12-12T10:35:35.694684437-02:00
imports:
- name: github.com/caarlos0/spin
  version: f1f63cceace559408b09577f25210edb9b2215c3
- name: github.com/golang/protobuf
  version: df1d3ca07d2d07bba352d5b73c4313b4e2a6203e
  subpackages:
  - proto
- name: github.com/google/go-github
  version: 3e246d29992beb5a5d2fc253adebea86997c45b0
  subpackages:
  - github
- name: github.com/google/go-querystring
  version: 9235644dd9e52eeae6fa48efd539fdc351a0af53
  subpackages:
  - query
- name: github.com/urfave/cli
  version: 0bdeddeeb0f650497d603c4ad7b20cfe685682f6
- name: golang.org/x/net
  version: 6d3beaea10370160dea67f5c9327ed791afd5389
  subpackages:
  - context
- name: golang.org/x/oauth2
  version: 1e695b1c8febf17aad3bfa7bf0a819ef94b98ad5
  subpackages:
  - internal
- name: google.golang.org/appengine
  version: 3f4dbbc0ec153a39878fd524ece9f39732bd4998
  subpackages:
  - internal
  - internal/base
  - internal/datastore
  - internal/log
  - internal/remote_api
  - internal/urlfetch
  - urlfetch
testImports: []
