github.com/BurntSushi/toml v0.3.1/go.mod h1:xHWCNGjB5oqiDr8zfno3MHue2Ht5sIBksp03qcyfWMU=
github.com/Songmu/prompter v0.0.0-20150727040349-f49666b0047d h1:a9oloKxNctx+VQcRNXnUhNi3unECNRpQPsu4Cn+kiBg=
github.com/Songmu/prompter v0.0.0-20150727040349-f49666b0047d/go.mod h1:fNhSFBGC+sg+dZ7AqDHgq+xYiom23TeTESzUbO7PIrE=
github.com/caarlos0/spin v1.0.0 h1:dwHW7DWuwbb+JN5HxqD9x8VhIsaXgyphYZO2uB+lqW0=
github.com/caarlos0/spin v1.0.0/go.mod h1:HOC4pUvfhjXR2yDt+sEY9dRc2m4CCaK5z5oQYAbzXSA=
github.com/caarlos0/spin v1.1.0 h1:EjsfGbZJejib25BPnDqf7iL2z9RUna7refvUf+AN9UE=
github.com/caarlos0/spin v1.1.0/go.mod h1:HOC4pUvfhjXR2yDt+sEY9dRc2m4CCaK5z5oQYAbzXSA=
github.com/cpuguy83/go-md2man/v2 v2.0.0-20190314233015-f79a8a8ca69d h1:U+s90UTSYgptZMwQh2aRr3LuazLJIa+Pg3Kc1ylSYVY=
github.com/cpuguy83/go-md2man/v2 v2.0.0-20190314233015-f79a8a8ca69d/go.mod h1:maD7wRr/U5Z6m/iR4s+kqSMx2CaBsrgA7czyZG/E6dU=
github.com/golang/protobuf v0.0.0-20170331031902-2bba0603135d h1:KmiEmEGA5sqizMpKnexwioxj8zEUSBc7p9UTQu36lpQ=
github.com/golang/protobuf v0.0.0-20170331031902-2bba0603135d/go.mod h1:6lQm79b+lXiMfvg/cZm0SGofjICqVBUtrP5yJMmIC1U=
github.com/google/go-github v15.0.0+incompatible h1:jlPg2Cpsxb/FyEV/MFiIE9tW/2RAevQNZDPeHbf5a94=
github.com/google/go-github v15.0.0+incompatible/go.mod h1:zLgOLi98H3fifZn+44m+umXrS52loVEgC2AApnigrVQ=
github.com/google/go-querystring v0.0.0-20170111101155-53e6ce116135 h1:zLTLjkaOFEFIOxY5BWLFLwh+cL8vOBW4XJ2aqLE/Tf0=
github.com/google/go-querystring v0.0.0-20170111101155-53e6ce116135/go.mod h1:odCYkC5MyYFN7vkCjXpyrEuKhc/BUO6wN/zVPAxq5ck=
github.com/mattn/go-isatty v0.0.2 h1:F+DnWktyadxnOrohKLNUC9/GjFii5RJgY4GFG6ilggw=
github.com/mattn/go-isatty v0.0.2/go.mod h1:M+lRXTBqGeGNdLjl/ufCoiOlB5xdOkqRJdNxMWT7Zi4=
github.com/pmezard/go-difflib v1.0.0/go.mod h1:iKH77koFhYxTK1pcRnkKkqfTogsbg7gZNVY4sRDYZ/4=
github.com/russross/blackfriday/v2 v2.0.1 h1:lPqVAte+HuHNfhJ/0LC98ESWRz8afy9tM/0RK8m9o+Q=
github.com/russross/blackfriday/v2 v2.0.1/go.mod h1:+Rmxgy9KzJVeS9/2gXHxylqXiyQDYRxCVz55jmeOWTM=
github.com/shurcooL/sanitized_anchor_name v1.0.0 h1:PdmoCO6wvbs+7yrJyMORt4/BmY5IYyJwS/kOiWx8mHo=
github.com/shurcooL/sanitized_anchor_name v1.0.0/go.mod h1:1NzhyTcUVG4SuEtjjoZeVRXNmyL/1OwPU0+IJeTBvfc=
github.com/urfave/cli v1.19.1 h1:0mKm4ZoB74PxYmZVua162y1dGt1qc10MyymYRBf3lb8=
github.com/urfave/cli v1.19.1/go.mod h1:70zkFmudgCuE/ngEzBv17Jvp/497gISqfk5gWijbERA=
github.com/urfave/cli v1.22.1 h1:+mkCCcOFKPnCmVYVcURKps1Xe+3zP90gSYGNfRkjoIY=
github.com/urfave/cli v1.22.1/go.mod h1:Gos4lmkARVdJ6EkW0WaNv/tZAAMe9V7XWyB60NtXRu0=
golang.org/x/crypto v0.0.0-20170404161947-c78caca803c9 h1:rPnURWKICR4bkjK+GABNWICXj6KLDa1jbj0IoVaQODw=
golang.org/x/crypto v0.0.0-20170404161947-c78caca803c9/go.mod h1:6SG95UA2DQfeDnfUPMdvaQW0Q7yPrPDi9nlGo2tz2b4=
golang.org/x/net v0.0.0-20170413175226-5602c733f70a h1:U+RBxJXt1cn83eNU5KfO0ABG27IrDKWhrbr9MBCri/s=
golang.org/x/net v0.0.0-20170413175226-5602c733f70a/go.mod h1:mL1N/T3taQHkDXs73rZJwtUhF3w3ftmwwsq0BUmARs4=
golang.org/x/oauth2 v0.0.0-20170412232759-a6bd8cefa181 h1:/4OaQ4bC66Oq9JDhUnxTjBGt8XBhDuwgMRXHgvfcCUY=
golang.org/x/oauth2 v0.0.0-20170412232759-a6bd8cefa181/go.mod h1:N/0e6XlmueqKjAGxoOufVs8QHGRruUQn6yWY3a++T0U=
golang.org/x/sync v0.0.0-20190911185100-cd5d95a43a6e h1:vcxGaoTs7kV8m5Np9uUNQin4BrLOthgV7252N8V+FwY=
golang.org/x/sync v0.0.0-20190911185100-cd5d95a43a6e/go.mod h1:RxMgew5VJxzue5/jJTE5uejpjVlOe/izrB70Jof72aM=
golang.org/x/sys v0.0.0-20170407050850-f3918c30c5c2 h1:niKkabq6kYToDafvvFw9MeTkT4ifSvpOCRP6pFxOCZE=
golang.org/x/sys v0.0.0-20170407050850-f3918c30c5c2/go.mod h1:STP8DvDyc/dI5b8T5hshtkjS+E42TnysNCUPdjciGhY=
google.golang.org/appengine v1.0.0 h1:dN4LljjBKVChsv0XCSI+zbyzdqrkEwX5LQFUMRSGqOc=
google.golang.org/appengine v1.0.0/go.mod h1:EbEs0AVv82hx2wNQdGPgUI5lhzA/G0D9YwlJXL52JkM=
gopkg.in/check.v1 v0.0.0-20161208181325-20d25e280405/go.mod h1:Co6ibVJAznAaIkqp8huTwlJQCZ016jof/cbN4VW5Yz0=
gopkg.in/yaml.v2 v2.2.2/go.mod h1:hI93XBmqTisBFMUTm0b8Fm+jr3Dg1NNxqwp+5A1VGuI=
